
Microsoft Visual Studio Solution File, Format Version 12.00
# Visual Studio Version 17
VisualStudioVersion = 17.2.32630.192
MinimumVisualStudioVersion = 10.0.40219.1
Project("{8BC9CEB8-8B4A-11D0-8D11-00A0C91BC942}") = "MyDriverforKillProcess", "MyDriverforKillProcess\MyDriver_Test1.vcxproj", "{9CA17AD9-AF75-4691-892B-43D5DA61087A}"
EndProject
Project("{8BC9CEB8-8B4A-11D0-8D11-00A0C91BC942}") = "MyApplication", "MyApplication\MyApplication.vcxproj", "{DF81D873-2F5D-4C48-A2E0-2C33982D968A}"
EndProject
Global
	GlobalSection(SolutionConfigurationPlatforms) = preSolution
		Debug|ARM64 = Debug|ARM64
		Debug|x64 = Debug|x64
		Debug|x86 = Debug|x86
		Release|ARM64 = Release|ARM64
		Release|x64 = Release|x64
		Release|x86 = Release|x86
	EndGlobalSection
	GlobalSection(ProjectConfigurationPlatforms) = postSolution
		{9CA17AD9-AF75-4691-892B-43D5DA61087A}.Debug|ARM64.ActiveCfg = Debug|ARM64
		{9CA17AD9-AF75-4691-892B-43D5DA61087A}.Debug|ARM64.Build.0 = Debug|ARM64
		{9CA17AD9-AF75-4691-892B-43D5DA61087A}.Debug|ARM64.Deploy.0 = Debug|ARM64
		{9CA17AD9-AF75-4691-892B-43D5DA61087A}.Debug|x64.ActiveCfg = Debug|x64
		{9CA17AD9-AF75-4691-892B-43D5DA61087A}.Debug|x64.Build.0 = Debug|x64
		{9CA17AD9-AF75-4691-892B-43D5DA61087A}.Debug|x64.Deploy.0 = Debug|x64
		{9CA17AD9-AF75-4691-892B-43D5DA61087A}.Debug|x86.ActiveCfg = Debug|x64
		{9CA17AD9-AF75-4691-892B-43D5DA61087A}.Debug|x86.Build.0 = Debug|x64
		{9CA17AD9-AF75-4691-892B-43D5DA61087A}.Debug|x86.Deploy.0 = Debug|x64
		{9CA17AD9-AF75-4691-892B-43D5DA61087A}.Release|ARM64.ActiveCfg = Release|ARM64
		{9CA17AD9-AF75-4691-892B-43D5DA61087A}.Release|ARM64.Build.0 = Release|ARM64
		{9CA17AD9-AF75-4691-892B-43D5DA61087A}.Release|ARM64.Deploy.0 = Release|ARM64
		{9CA17AD9-AF75-4691-892B-43D5DA61087A}.Release|x64.ActiveCfg = Release|x64
		{9CA17AD9-AF75-4691-892B-43D5DA61087A}.Release|x64.Build.0 = Release|x64
		{9CA17AD9-AF75-4691-892B-43D5DA61087A}.Release|x64.Deploy.0 = Release|x64
		{9CA17AD9-AF75-4691-892B-43D5DA61087A}.Release|x86.ActiveCfg = Release|x64
		{9CA17AD9-AF75-4691-892B-43D5DA61087A}.Release|x86.Build.0 = Release|x64
		{9CA17AD9-AF75-4691-892B-43D5DA61087A}.Release|x86.Deploy.0 = Release|x64
		{DF81D873-2F5D-4C48-A2E0-2C33982D968A}.Debug|ARM64.ActiveCfg = Debug|x64
		{DF81D873-2F5D-4C48-A2E0-2C33982D968A}.Debug|ARM64.Build.0 = Debug|x64
		{DF81D873-2F5D-4C48-A2E0-2C33982D968A}.Debug|x64.ActiveCfg = Debug|x64
		{DF81D873-2F5D-4C48-A2E0-2C33982D968A}.Debug|x64.Build.0 = Debug|x64
		{DF81D873-2F5D-4C48-A2E0-2C33982D968A}.Debug|x86.ActiveCfg = Debug|Win32
		{DF81D873-2F5D-4C48-A2E0-2C33982D968A}.Debug|x86.Build.0 = Debug|Win32
		{DF81D873-2F5D-4C48-A2E0-2C33982D968A}.Release|ARM64.ActiveCfg = Release|x64
		{DF81D873-2F5D-4C48-A2E0-2C33982D968A}.Release|ARM64.Build.0 = Release|x64
		{DF81D873-2F5D-4C48-A2E0-2C33982D968A}.Release|x64.ActiveCfg = Release|x64
		{DF81D873-2F5D-4C48-A2E0-2C33982D968A}.Release|x64.Build.0 = Release|x64
		{DF81D873-2F5D-4C48-A2E0-2C33982D968A}.Release|x86.ActiveCfg = Release|Win32
		{DF81D873-2F5D-4C48-A2E0-2C33982D968A}.Release|x86.Build.0 = Release|Win32
	EndGlobalSection
	GlobalSection(SolutionProperties) = preSolution
		HideSolutionNode = FALSE
	EndGlobalSection
	GlobalSection(ExtensibilityGlobals) = postSolution
		SolutionGuid = {7D4596B2-03F3-4A73-8EDA-6CAFF46A664B}
	EndGlobalSection
EndGlobal
